
Microsoft Visual Studio Solution File, Format Version 12.00
# Visual Studio Version 17
VisualStudioVersion = 17.8.34330.188
MinimumVisualStudioVersion = 10.0.40219.1
Project("{FAE04EC0-301F-11D3-BF4B-00C04F79EFBC}") = "ECommerceSite", "ECommerceSite\ECommerceSite.csproj", "{FF96CB5A-B088-44CF-93D0-39841B1037E4}"
EndProject
Global
	GlobalSection(SolutionConfigurationPlatforms) = preSolution
		Debug|Any CPU = Debug|Any CPU
		Release|Any CPU = Release|Any CPU
	EndGlobalSection
	GlobalSection(ProjectConfigurationPlatforms) = postSolution
		{FF96CB5A-B088-44CF-93D0-39841B1037E4}.Debug|Any CPU.ActiveCfg = Debug|Any CPU
		{FF96CB5A-B088-44CF-93D0-39841B1037E4}.Debug|Any CPU.Build.0 = Debug|Any CPU
		{FF96CB5A-B088-44CF-93D0-39841B1037E4}.Release|Any CPU.ActiveCfg = Release|Any CPU
		{FF96CB5A-B088-44CF-93D0-39841B1037E4}.Release|Any CPU.Build.0 = Release|Any CPU
	EndGlobalSection
	GlobalSection(SolutionProperties) = preSolution
		HideSolutionNode = FALSE
	EndGlobalSection
	GlobalSection(ExtensibilityGlobals) = postSolution
		SolutionGuid = {958E14FD-9125-45B7-BD26-4A2276860B0C}
	EndGlobalSection
EndGlobal
